
Microsoft Visual Studio Solution File, Format Version 12.00
# Visual Studio Version 17
VisualStudioVersion = 17.14.36623.8 d17.14
MinimumVisualStudioVersion = 10.0.40219.1
Project("{FAE04EC0-301F-11D3-BF4B-00C04F79EFBC}") = "UtilityLibrary", "UtilityLibrary.csproj", "{D1975128-BD82-479F-842C-640CD7F1C6E3}"
EndProject
Global
	GlobalSection(SolutionConfigurationPlatforms) = preSolution
		Debug|Any CPU = Debug|Any CPU
		Release|Any CPU = Release|Any CPU
	EndGlobalSection
	GlobalSection(ProjectConfigurationPlatforms) = postSolution
		{D1975128-BD82-479F-842C-640CD7F1C6E3}.Debug|Any CPU.ActiveCfg = Debug|Any CPU
		{D1975128-BD82-479F-842C-640CD7F1C6E3}.Debug|Any CPU.Build.0 = Debug|Any CPU
		{D1975128-BD82-479F-842C-640CD7F1C6E3}.Release|Any CPU.ActiveCfg = Release|Any CPU
		{D1975128-BD82-479F-842C-640CD7F1C6E3}.Release|Any CPU.Build.0 = Release|Any CPU
	EndGlobalSection
	GlobalSection(SolutionProperties) = preSolution
		HideSolutionNode = FALSE
	EndGlobalSection
	GlobalSection(ExtensibilityGlobals) = postSolution
		SolutionGuid = {70B73A9A-D393-44CC-B1F1-B4F32D94C5B1}
	EndGlobalSection
EndGlobal
