
Microsoft Visual Studio Solution File, Format Version 12.00
# Visual Studio Version 17
VisualStudioVersion = 17.14.36623.8 d17.14
MinimumVisualStudioVersion = 10.0.40219.1
Project("{FAE04EC0-301F-11D3-BF4B-00C04F79EFBC}") = "SQLconenection", "SQLconenection.csproj", "{874649CC-20E0-4081-B5D3-8317B1C9C42B}"
EndProject
Global
	GlobalSection(SolutionConfigurationPlatforms) = preSolution
		Debug|Any CPU = Debug|Any CPU
		Release|Any CPU = Release|Any CPU
	EndGlobalSection
	GlobalSection(ProjectConfigurationPlatforms) = postSolution
		{874649CC-20E0-4081-B5D3-8317B1C9C42B}.Debug|Any CPU.ActiveCfg = Debug|Any CPU
		{874649CC-20E0-4081-B5D3-8317B1C9C42B}.Debug|Any CPU.Build.0 = Debug|Any CPU
		{874649CC-20E0-4081-B5D3-8317B1C9C42B}.Release|Any CPU.ActiveCfg = Release|Any CPU
		{874649CC-20E0-4081-B5D3-8317B1C9C42B}.Release|Any CPU.Build.0 = Release|Any CPU
	EndGlobalSection
	GlobalSection(SolutionProperties) = preSolution
		HideSolutionNode = FALSE
	EndGlobalSection
	GlobalSection(ExtensibilityGlobals) = postSolution
		SolutionGuid = {7BBABABD-7220-4B43-AA12-D04AE631EEF0}
	EndGlobalSection
EndGlobal
